
Microsoft Visual Studio Solution File, Format Version 12.00
# Visual Studio Version 16
VisualStudioVersion = 16.0.29709.97
MinimumVisualStudioVersion = 10.0.40219.1
Project("{FAE04EC0-301F-11D3-BF4B-00C04F79EFBC}") = "LeetCodePlayground", "LeetCodePlayground\LeetCodePlayground.csproj", "{8D2B09F3-1B8D-49F6-91CA-B3138CE54487}"
EndProject
Global
	GlobalSection(SolutionConfigurationPlatforms) = preSolution
		Debug|Any CPU = Debug|Any CPU
		Release|Any CPU = Release|Any CPU
	EndGlobalSection
	GlobalSection(ProjectConfigurationPlatforms) = postSolution
		{8D2B09F3-1B8D-49F6-91CA-B3138CE54487}.Debug|Any CPU.ActiveCfg = Debug|Any CPU
		{8D2B09F3-1B8D-49F6-91CA-B3138CE54487}.Debug|Any CPU.Build.0 = Debug|Any CPU
		{8D2B09F3-1B8D-49F6-91CA-B3138CE54487}.Release|Any CPU.ActiveCfg = Release|Any CPU
		{8D2B09F3-1B8D-49F6-91CA-B3138CE54487}.Release|Any CPU.Build.0 = Release|Any CPU
	EndGlobalSection
	GlobalSection(SolutionProperties) = preSolution
		HideSolutionNode = FALSE
	EndGlobalSection
	GlobalSection(ExtensibilityGlobals) = postSolution
		SolutionGuid = {B2EBFD1D-2CB5-41AA-B348-70422CB9E1E4}
	EndGlobalSection
EndGlobal
